
Microsoft Visual Studio Solution File, Format Version 12.00
# Visual Studio Version 17
VisualStudioVersion = 17.11.35327.3
MinimumVisualStudioVersion = 10.0.40219.1
Project("{E24C65DC-7377-472B-9ABA-BC803B73C61A}") = "client(1)", ".", "{A78A1622-9FB7-419A-BA26-35328E0FD045}"
	ProjectSection(WebsiteProperties) = preProject
		TargetFrameworkMoniker = ".NETFramework,Version%3Dv4.8.1"
		Debug.AspNetCompiler.VirtualPath = "/localhost_56897"
		Debug.AspNetCompiler.PhysicalPath = "E:\קבצים של הלימודים\סמסטר ד\צד שרת\Final Project\NewsSite-Final-Project\client\"
		Debug.AspNetCompiler.TargetPath = "PrecompiledWeb\localhost_56897\"
		Debug.AspNetCompiler.Updateable = "true"
		Debug.AspNetCompiler.ForceOverwrite = "true"
		Debug.AspNetCompiler.FixedNames = "false"
		Debug.AspNetCompiler.Debug = "True"
		Release.AspNetCompiler.VirtualPath = "/localhost_56897"
		Release.AspNetCompiler.PhysicalPath = "E:\קבצים של הלימודים\סמסטר ד\צד שרת\Final Project\NewsSite-Final-Project\client\"
		Release.AspNetCompiler.TargetPath = "PrecompiledWeb\localhost_56897\"
		Release.AspNetCompiler.Updateable = "true"
		Release.AspNetCompiler.ForceOverwrite = "true"
		Release.AspNetCompiler.FixedNames = "false"
		Release.AspNetCompiler.Debug = "False"
		VWDPort = "56897"
	EndProjectSection
EndProject
Global
	GlobalSection(SolutionConfigurationPlatforms) = preSolution
		Debug|Any CPU = Debug|Any CPU
	EndGlobalSection
	GlobalSection(ProjectConfigurationPlatforms) = postSolution
		{A78A1622-9FB7-419A-BA26-35328E0FD045}.Debug|Any CPU.ActiveCfg = Debug|Any CPU
		{A78A1622-9FB7-419A-BA26-35328E0FD045}.Debug|Any CPU.Build.0 = Debug|Any CPU
	EndGlobalSection
	GlobalSection(SolutionProperties) = preSolution
		HideSolutionNode = FALSE
	EndGlobalSection
	GlobalSection(ExtensibilityGlobals) = postSolution
		SolutionGuid = {E9F98427-8493-4DA5-ACAD-92222686A370}
	EndGlobalSection
EndGlobal
